# This file was autogenerated by uv via the following command:
#    uv pip compile pyproject.toml -o uv.lock
annotated-doc==0.0.4
    # via fastapi
annotated-types==0.7.0
    # via pydantic
anyio==4.13.0
    # via
    #   starlette
    #   watchfiles
click==8.3.3
    # via uvicorn
colorama==0.4.6
    # via
    #   click
    #   uvicorn
fastapi==0.136.1
    # via symptoms-dashboard-backend (pyproject.toml)
greenlet==3.4.0
    # via sqlalchemy
h11==0.16.0
    # via uvicorn
httptools==0.7.1
    # via uvicorn
idna==3.13
    # via anyio
psycopg==3.3.3
    # via symptoms-dashboard-backend (pyproject.toml)
psycopg-binary==3.3.3
    # via psycopg
pydantic==2.13.3
    # via
    #   symptoms-dashboard-backend (pyproject.toml)
    #   fastapi
pydantic-core==2.46.3
    # via pydantic
python-dotenv==1.2.2
    # via
    #   symptoms-dashboard-backend (pyproject.toml)
    #   uvicorn
pyyaml==6.0.3
    # via uvicorn
sqlalchemy==2.0.49
    # via symptoms-dashboard-backend (pyproject.toml)
starlette==1.0.0
    # via fastapi
typing-extensions==4.15.0
    # via
    #   fastapi
    #   pydantic
    #   pydantic-core
    #   sqlalchemy
    #   typing-inspection
typing-inspection==0.4.2
    # via
    #   fastapi
    #   pydantic
tzdata==2026.2
    # via psycopg
uvicorn==0.46.0
    # via symptoms-dashboard-backend (pyproject.toml)
watchfiles==1.1.1
    # via uvicorn
websockets==16.0
    # via uvicorn
